
Microsoft Visual Studio Solution File, Format Version 12.00
# Visual Studio Version 17
VisualStudioVersion = 17.6.33723.286
MinimumVisualStudioVersion = 10.0.40219.1
Project("{FAE04EC0-301F-11D3-BF4B-00C04F79EFBC}") = "PortChecker", "PortChecker.csproj", "{30D8FD8F-E3FC-493E-8807-3D67E61C8230}"
EndProject
Global
	GlobalSection(SolutionConfigurationPlatforms) = preSolution
		Debug|Any CPU = Debug|Any CPU
		Release|Any CPU = Release|Any CPU
	EndGlobalSection
	GlobalSection(ProjectConfigurationPlatforms) = postSolution
		{30D8FD8F-E3FC-493E-8807-3D67E61C8230}.Debug|Any CPU.ActiveCfg = Debug|Any CPU
		{30D8FD8F-E3FC-493E-8807-3D67E61C8230}.Debug|Any CPU.Build.0 = Debug|Any CPU
		{30D8FD8F-E3FC-493E-8807-3D67E61C8230}.Release|Any CPU.ActiveCfg = Release|Any CPU
		{30D8FD8F-E3FC-493E-8807-3D67E61C8230}.Release|Any CPU.Build.0 = Release|Any CPU
	EndGlobalSection
	GlobalSection(SolutionProperties) = preSolution
		HideSolutionNode = FALSE
	EndGlobalSection
	GlobalSection(ExtensibilityGlobals) = postSolution
		SolutionGuid = {D63BFF37-44EB-43FE-879C-C80A9A3806D2}
	EndGlobalSection
EndGlobal
